#MicroXplorer Configuration settings - do not modify
CAD.formats=
CAD.pinconfig=
CAD.provider=
File.Version=6
GPIO.groupedBy=Group By Peripherals
I2C1.IPParameters=Timing
I2C1.Timing=0x00303D5B
KeepUserPlacement=false
MMTAppRegionsCount=0
MMTConfigApplied=false
Mcu.CPN=STM32WB05KZV6TR
Mcu.Family=STM32WB0
Mcu.IP0=ADV_TRACE
Mcu.IP1=COMMON_BLE
Mcu.IP10=RADIO
Mcu.IP11=RADIO_TIMER
Mcu.IP12=RCC
Mcu.IP13=RNG
Mcu.IP14=SPI3
Mcu.IP15=STM32_BLE
Mcu.IP16=SYS
Mcu.IP17=TIM17
Mcu.IP18=TINY_LPM
Mcu.IP19=USART1
Mcu.IP2=CORTEX_M0+
Mcu.IP3=DEBUG
Mcu.IP4=I2C1
Mcu.IP5=MEMORYMAP
Mcu.IP6=MISC
Mcu.IP7=NVIC
Mcu.IP8=PKA
Mcu.IP9=PWR
Mcu.IPNb=20
Mcu.Name=STM32WB05KZVx
Mcu.Package=VFQFPN32
Mcu.Pin0=PB3
Mcu.Pin1=PB2
Mcu.Pin10=PA11
Mcu.Pin11=RF1
Mcu.Pin12=OSCOUT
Mcu.Pin13=OSCIN
Mcu.Pin14=PB15
Mcu.Pin15=PB14
Mcu.Pin16=PB13
Mcu.Pin17=PB12
Mcu.Pin18=PB7
Mcu.Pin19=PB6
Mcu.Pin2=PB0
Mcu.Pin20=PB4
Mcu.Pin21=VP_ADV_TRACE_VS_ADV_TRACE
Mcu.Pin22=VP_COMMON_BLE_VS_Utility_Common_BLE_1.0.0_1.0.0
Mcu.Pin23=VP_MISC_VS_MISC
Mcu.Pin24=VP_PKA_VS_PKA
Mcu.Pin25=VP_PWR_VS_SECSignals
Mcu.Pin26=VP_RADIO_TIMER_VS_RADIO
Mcu.Pin27=VP_RNG_VS_RNG
Mcu.Pin28=VP_STM32_BLE_VS_BLE_HOST_LSP
Mcu.Pin29=VP_SYS_VS_Systick
Mcu.Pin3=PA3
Mcu.Pin30=VP_TIM17_VS_ClockSourceINT
Mcu.Pin31=VP_TINY_LPM_VS_TINY_LPM
Mcu.Pin32=VP_MEMORYMAP_VS_MEMORYMAP
Mcu.Pin4=PA2
Mcu.Pin5=PA1
Mcu.Pin6=PA0
Mcu.Pin7=PA8
Mcu.Pin8=PA9
Mcu.Pin9=PA10
Mcu.PinsNb=33
Mcu.ThirdPartyNb=0
Mcu.UserConstants=
Mcu.UserName=STM32WB05KZVx
MxCube.Version=6.14.1
MxDb.Version=DB.6.0.141
NVIC.ForceEnableDMAVector=true
NVIC.HardFault_IRQn=true\:0\:0\:false\:false\:true\:false\:false\:false
NVIC.NonMaskableInt_IRQn=true\:0\:0\:false\:false\:true\:false\:false\:false
NVIC.PKA_IRQn=true\:1\:0\:false\:false\:true\:true\:true\:true
NVIC.PendSV_IRQn=true\:0\:0\:false\:false\:true\:false\:false\:false
NVIC.RADIO_TIMER_CPU_WKUP_IRQn=true\:0\:0\:false\:false\:true\:false\:true\:true
NVIC.RADIO_TIMER_ERROR_IRQn=true\:0\:0\:false\:false\:true\:false\:true\:true
NVIC.RADIO_TXRX_IRQn=true\:0\:0\:false\:false\:true\:false\:true\:true
NVIC.RADIO_TXRX_SEQ_IRQn=true\:0\:0\:false\:false\:true\:false\:true\:true
NVIC.SVCall_IRQn=true\:0\:0\:false\:false\:true\:false\:false\:false
NVIC.SysTick_IRQn=true\:3\:0\:false\:false\:true\:false\:true\:false
OSCIN.Locked=true
OSCIN.Mode=HSE-External-Oscillator
OSCIN.Signal=RCC_OSC_IN
OSCOUT.Locked=true
OSCOUT.Mode=HSE-External-Oscillator
OSCOUT.Signal=RCC_OSC_OUT
PA0.Locked=true
PA0.Mode=I2C
PA0.Signal=I2C1_SCL
PA1.Locked=true
PA1.Mode=Asynchronous
PA1.Signal=USART1_TX
PA10.GPIOParameters=GPIO_Label
PA10.GPIO_Label=INT2
PA10.Locked=true
PA10.Signal=GPXTI10
PA11.Locked=true
PA11.Mode=Full_Duplex_Master
PA11.Signal=SPI3_MOSI
PA2.Mode=Serial_Wire
PA2.Signal=DEBUG_SWDIO
PA3.Mode=Serial_Wire
PA3.Signal=DEBUG_SWCLK
PA8.Locked=true
PA8.Mode=Full_Duplex_Master
PA8.Signal=SPI3_MISO
PA9.GPIOParameters=GPIO_Label
PA9.GPIO_Label=INT1
PA9.Locked=true
PA9.Signal=GPXTI9
PB0.Locked=true
PB0.Mode=Asynchronous
PB0.Signal=USART1_RX
PB12.GPIOParameters=GPIO_Label
PB12.GPIO_Label=CHARGE
PB12.Locked=true
PB12.Signal=GPXTI12
PB13.Locked=true
PB13.Mode=LSE-External-Clock-Source
PB13.Signal=RCC_OSC32_IN
PB14.Locked=true
PB14.Mode=Clock-out
PB14.Signal=RCC_MCO
PB15.GPIOParameters=GPIO_Label
PB15.GPIO_Label=BLE_BTN
PB15.Locked=true
PB15.Signal=GPXTI15
PB2.GPIOParameters=GPIO_Label
PB2.GPIO_Label=MAX30003_CS
PB2.Locked=true
PB2.Signal=GPIO_Output
PB3.Locked=true
PB3.Mode=Full_Duplex_Master
PB3.Signal=SPI3_SCK
PB4.GPIOParameters=GPIO_Label
PB4.GPIO_Label=LED_SWITCH
PB4.Locked=true
PB4.Signal=GPIO_Output
PB6.Locked=true
PB6.Signal=S_TIM17_CH1
PB7.Locked=true
PB7.Mode=I2C
PB7.Signal=I2C1_SDA
PinOutPanel.RotationAngle=0
ProjectManager.AskForMigrate=true
ProjectManager.BackupPrevious=false
ProjectManager.CompilerLinker=GCC
ProjectManager.CompilerOptimize=6
ProjectManager.ComputerToolchain=false
ProjectManager.CoupleFile=false
ProjectManager.CustomerFirmwarePackage=
ProjectManager.DefaultFWLocation=true
ProjectManager.DeletePrevious=true
ProjectManager.DeviceId=STM32WB05KZVx
ProjectManager.FirmwarePackage=STM32Cube FW_WB0 V1.2.0
ProjectManager.FreePins=false
ProjectManager.HalAssertFull=false
ProjectManager.HeapSize=0x000
ProjectManager.KeepUserCode=true
ProjectManager.LastFirmware=true
ProjectManager.LibraryCopy=1
ProjectManager.MainLocation=Core/Src
ProjectManager.NoMain=false
ProjectManager.PreviousToolchain=
ProjectManager.ProjectBuild=false
ProjectManager.ProjectFileName=ECGcheststrap.ioc
ProjectManager.ProjectName=ECGcheststrap
ProjectManager.ProjectStructure=
ProjectManager.RegisterCallBack=
ProjectManager.StackSize=0xC00
ProjectManager.TargetToolchain=STM32CubeIDE
ProjectManager.ToolChainLocation=
ProjectManager.UAScriptAfterPath=
ProjectManager.UAScriptBeforePath=
ProjectManager.UnderRoot=true
ProjectManager.functionlistsort=1-SystemClock_Config-RCC-false-HAL-false,2-MX_GPIO_Init-GPIO-false-HAL-true,3-MX_I2C1_Init-I2C1-false-HAL-true,4-MX_SPI3_Init-SPI3-false-HAL-true,5-MX_TIM17_Init-TIM17-false-HAL-true,6-MX_USART1_UART_Init-USART1-false-HAL-true,false-7-MX_RNG_Init-RNG-false-HAL-true,8-MX_RADIO_Init-RADIO-false-HAL-true,9-MX_RADIO_TIMER_Init-RADIO_TIMER-false-HAL-true,10-MX_PKA_Init-PKA-false-HAL-true,11-APPE_Init-STM32_BLE-false-HAL-false,0-MX_CORTEX_M0+_Init-CORTEX_M0+-false-HAL-true,0-MX_PWR_Init-PWR-false-HAL-true
RCC.BLEFreq_VALUE=16000000
RCC.BLEMultSource=RCC_RF_CLK_16M
RCC.CLKI2S3Freq_VALUE=64000000
RCC.CLKSYSFreq_VALUE=64000000
RCC.Clk16MHzFreq_VALUE=16000000
RCC.Clk32MHzFreq_VALUE=32000000
RCC.ClkSMPSFreq_VALUE=4000000
RCC.FamilyName=M
RCC.HSE_Capacitor_Tuning=4
RCC.HSE_VALUE=32000000
RCC.HSI_VALUE=64000000
RCC.IPParameters=BLEFreq_VALUE,BLEMultSource,CLKI2S3Freq_VALUE,CLKSYSFreq_VALUE,Clk16MHzFreq_VALUE,Clk32MHzFreq_VALUE,ClkSMPSFreq_VALUE,FamilyName,HSE_Capacitor_Tuning,HSE_VALUE,HSI_VALUE,LPUARTFreq_VALUE,LSCOPinFreq_Value,LSI_VALUE,MCO1PinFreq_Value,RC64MPLLSource,RCC_MCO1Source,RTCClockSelection,RTCFreq_Value,SysCLKFreq_VALUE
RCC.LPUARTFreq_VALUE=16000000
RCC.LSCOPinFreq_Value=32000
RCC.LSI_VALUE=32000
RCC.MCO1PinFreq_Value=32000000
RCC.RC64MPLLSource=RCC_LSCOSOURCE_PLL64
RCC.RCC_MCO1Source=RCC_MCO1SOURCE_HSE
RCC.RTCClockSelection=RCC_RTC_WDG_BLEWKUP_CLKSOURCE_LSE
RCC.RTCFreq_Value=32768
RCC.SysCLKFreq_VALUE=64000000
RF1.Mode=RF1_Activate
RF1.Signal=RADIO_RF1
SH.GPXTI10.0=GPIO_EXTI10
SH.GPXTI10.ConfNb=1
SH.GPXTI12.0=GPIO_EXTI12
SH.GPXTI12.ConfNb=1
SH.GPXTI15.0=GPIO_EXTI15
SH.GPXTI15.ConfNb=1
SH.GPXTI9.0=GPIO_EXTI9
SH.GPXTI9.ConfNb=1
SH.S_TIM17_CH1.0=TIM17_CH1,PWM Generation1 CH1
SH.S_TIM17_CH1.ConfNb=1
SPI3.BaudRatePrescaler=SPI_BAUDRATEPRESCALER_32
SPI3.CalculateBaudRate=2.0 MBits/s
SPI3.DataSize=SPI_DATASIZE_8BIT
SPI3.Direction=SPI_DIRECTION_2LINES
SPI3.IPParameters=VirtualType,Mode,Direction,CalculateBaudRate,BaudRatePrescaler,DataSize
SPI3.Mode=SPI_MODE_MASTER
SPI3.VirtualType=VM_MASTER
STM32_BLE.AD_TYPE_COMPLETE_LOCAL_NAME=Ryder Heart Rate Monitor
STM32_BLE.AD_TYPE_COMPLETE_LOCAL_NAME_LENGTH=25
STM32_BLE.CFG_BLE_COC_MPS_MAX=247
STM32_BLE.CFG_BLE_CONN_EVENT_LENGTH_MAX=4294967295
STM32_BLE.CFG_BLE_CONN_EVENT_LENGTH_MAX_HEXA=0xFFFFFFFF
STM32_BLE.CFG_BLE_CONTROLLER_2M_CODED_PHY_ENABLED=1
STM32_BLE.CFG_BLE_SECURE_CONNECTIONS_ENABLED=0
STM32_BLE.CFG_BLE_SLEEP_CLOCK_ACCURACY=100
STM32_BLE.INCLUDE_AD_TYPE_COMPLETE_LOCAL_NAME=1
STM32_BLE.IPParameters=INCLUDE_AD_TYPE_COMPLETE_LOCAL_NAME,AD_TYPE_COMPLETE_LOCAL_NAME,AD_TYPE_COMPLETE_LOCAL_NAME_LENGTH,CFG_BLE_SECURE_CONNECTIONS_ENABLED,CFG_BLE_CONTROLLER_2M_CODED_PHY_ENABLED,CFG_BLE_CONN_EVENT_LENGTH_MAX,CFG_BLE_CONN_EVENT_LENGTH_MAX_HEXA,CFG_BLE_COC_MPS_MAX,NUMBER_OF_SERVICES,SERVICE1_LONG_NAME,SERVICE1_SHORT_NAME,SERVICE1_NUMBER_OF_CHARACTERISTICS,SERVICE1_UUID,SERVICE1_CHAR1_UUID,SERVICE1_CHAR1_LONG_NAME,SERVICE1_CHAR1_SHORT_NAME,SERVICE1_CHAR1_VALUE_LENGTH,SERVICE1_CHAR1_PROP_READ,SERVICE1_CHAR1_UUID_128_INPUT_TYPE,CFG_BLE_SLEEP_CLOCK_ACCURACY,SERVICE1_CHAR1_PROP_WRITE,SERVICE1_UUID_TYPE,SERVICE1_CHAR1_UUID_TYPE,SERVICE1_CHAR1_UUID_ALLOCATION_TYPE
STM32_BLE.NUMBER_OF_SERVICES=1
STM32_BLE.SERVICE1_CHAR1_LONG_NAME=HeartRateMeasurement
STM32_BLE.SERVICE1_CHAR1_PROP_READ=\ 
STM32_BLE.SERVICE1_CHAR1_PROP_WRITE=\ 
STM32_BLE.SERVICE1_CHAR1_SHORT_NAME=HRM
STM32_BLE.SERVICE1_CHAR1_UUID=0x2A37
STM32_BLE.SERVICE1_CHAR1_UUID_128_INPUT_TYPE=1
STM32_BLE.SERVICE1_CHAR1_UUID_ALLOCATION_TYPE=SIG
STM32_BLE.SERVICE1_CHAR1_UUID_TYPE=0x01
STM32_BLE.SERVICE1_CHAR1_VALUE_LENGTH=2
STM32_BLE.SERVICE1_LONG_NAME=HeartRate
STM32_BLE.SERVICE1_NUMBER_OF_CHARACTERISTICS=1
STM32_BLE.SERVICE1_SHORT_NAME=HRT
STM32_BLE.SERVICE1_UUID=18 0D
STM32_BLE.SERVICE1_UUID_TYPE=0x01
TIM17.Channel=TIM_CHANNEL_1
TIM17.IPParameters=Channel
USART1.IPParameters=VirtualMode-Asynchronous
USART1.VirtualMode-Asynchronous=VM_ASYNC
VP_ADV_TRACE_VS_ADV_TRACE.Mode=ADV_TRACE_Enabled
VP_ADV_TRACE_VS_ADV_TRACE.Signal=ADV_TRACE_VS_ADV_TRACE
VP_COMMON_BLE_VS_Utility_Common_BLE_1.0.0_1.0.0.Mode=Utility_Common
VP_COMMON_BLE_VS_Utility_Common_BLE_1.0.0_1.0.0.Signal=COMMON_BLE_VS_Utility_Common_BLE_1.0.0_1.0.0
VP_MEMORYMAP_VS_MEMORYMAP.Mode=CurAppReg
VP_MEMORYMAP_VS_MEMORYMAP.Signal=MEMORYMAP_VS_MEMORYMAP
VP_MISC_VS_MISC.Mode=MISC_Enabled
VP_MISC_VS_MISC.Signal=MISC_VS_MISC
VP_PKA_VS_PKA.Mode=PKA_Activate
VP_PKA_VS_PKA.Signal=PKA_VS_PKA
VP_PWR_VS_SECSignals.Mode=Security/Privilege
VP_PWR_VS_SECSignals.Signal=PWR_VS_SECSignals
VP_RADIO_TIMER_VS_RADIO.Mode=RADIO_Activate
VP_RADIO_TIMER_VS_RADIO.Signal=RADIO_TIMER_VS_RADIO
VP_RNG_VS_RNG.Mode=RNG_Activate
VP_RNG_VS_RNG.Signal=RNG_VS_RNG
VP_STM32_BLE_VS_BLE_HOST_LSP.Mode=BLE_Server_Lite
VP_STM32_BLE_VS_BLE_HOST_LSP.Signal=STM32_BLE_VS_BLE_HOST_LSP
VP_SYS_VS_Systick.Mode=SysTick
VP_SYS_VS_Systick.Signal=SYS_VS_Systick
VP_TIM17_VS_ClockSourceINT.Mode=Enable_Timer
VP_TIM17_VS_ClockSourceINT.Signal=TIM17_VS_ClockSourceINT
VP_TINY_LPM_VS_TINY_LPM.Mode=TINY_LPM_Enabled
VP_TINY_LPM_VS_TINY_LPM.Signal=TINY_LPM_VS_TINY_LPM
board=custom
isbadioc=false
